{
  "name": "k-room.types",
  "version": "2.0.11",
  "lockfileVersion": 2,
  "requires": true,
  "packages": {
    "": {
      "name": "k-room.types",
      "version": "2.0.11",
      "license": "MIT",
      "dependencies": {
        "node": "^24.9.0",
        "typescript": "^4.7.4"
      },
      "devDependencies": {
        "@types/node": "^24.6.2"
      }
    },
    "node_modules/.pnpm/typescript@4.9.5": {},
    "node_modules/.pnpm/typescript@4.9.5/node_modules/typescript": {
      "version": "4.9.5",
      "license": "Apache-2.0",
      "bin": {
        "tsc": "bin/tsc",
        "tsserver": "bin/tsserver"
      },
      "engines": {
        "node": ">=4.2.0"
      }
    },
    "node_modules/@types/node": {
      "version": "24.6.2",
      "resolved": "https://registry.npmjs.org/@types/node/-/node-24.6.2.tgz",
      "integrity": "sha512-d2L25Y4j+W3ZlNAeMKcy7yDsK425ibcAOO2t7aPTz6gNMH0z2GThtwENCDc0d/Pw9wgyRqE5Px1wkV7naz8ang==",
      "dev": true,
      "dependencies": {
        "undici-types": "~7.13.0"
      }
    },
    "node_modules/node": {
      "version": "24.9.0",
      "resolved": "https://registry.npmjs.org/node/-/node-24.9.0.tgz",
      "integrity": "sha512-cczSuf6uJejZ+dR+BAUEd6t2TxW31GvSexzEEvUKKRT59E/oYxUk3fixnUUqMG4tCtjg2wpZp3hfPdGuSg4pgw==",
      "hasInstallScript": true,
      "dependencies": {
        "node-bin-setup": "^1.0.0"
      },
      "bin": {
        "node": "bin/node"
      },
      "engines": {
        "npm": ">=5.0.0"
      }
    },
    "node_modules/node-bin-setup": {
      "version": "1.1.4",
      "resolved": "https://registry.npmjs.org/node-bin-setup/-/node-bin-setup-1.1.4.tgz",
      "integrity": "sha512-vWNHOne0ZUavArqPP5LJta50+S8R261Fr5SvGul37HbEDcowvLjwdvd0ZeSr0r2lTSrPxl6okq9QUw8BFGiAxA=="
    },
    "node_modules/typescript": {
      "resolved": "node_modules/.pnpm/typescript@4.9.5/node_modules/typescript",
      "link": true
    },
    "node_modules/undici-types": {
      "version": "7.13.0",
      "resolved": "https://registry.npmjs.org/undici-types/-/undici-types-7.13.0.tgz",
      "integrity": "sha512-Ov2Rr9Sx+fRgagJ5AX0qvItZG/JKKoBRAVITs1zk7IqZGTJUwgUr7qoYBpWwakpWilTZFM98rG/AFRocu10iIQ==",
      "dev": true
    }
  },
  "dependencies": {
    "@types/node": {
      "version": "24.6.2",
      "resolved": "https://registry.npmjs.org/@types/node/-/node-24.6.2.tgz",
      "integrity": "sha512-d2L25Y4j+W3ZlNAeMKcy7yDsK425ibcAOO2t7aPTz6gNMH0z2GThtwENCDc0d/Pw9wgyRqE5Px1wkV7naz8ang==",
      "dev": true,
      "requires": {
        "undici-types": "~7.13.0"
      }
    },
    "node": {
      "version": "24.9.0",
      "resolved": "https://registry.npmjs.org/node/-/node-24.9.0.tgz",
      "integrity": "sha512-cczSuf6uJejZ+dR+BAUEd6t2TxW31GvSexzEEvUKKRT59E/oYxUk3fixnUUqMG4tCtjg2wpZp3hfPdGuSg4pgw==",
      "requires": {
        "node-bin-setup": "^1.0.0"
      }
    },
    "node-bin-setup": {
      "version": "1.1.4",
      "resolved": "https://registry.npmjs.org/node-bin-setup/-/node-bin-setup-1.1.4.tgz",
      "integrity": "sha512-vWNHOne0ZUavArqPP5LJta50+S8R261Fr5SvGul37HbEDcowvLjwdvd0ZeSr0r2lTSrPxl6okq9QUw8BFGiAxA=="
    },
    "typescript": {
      "version": "file:node_modules/.pnpm/typescript@4.9.5/node_modules/typescript"
    },
    "undici-types": {
      "version": "7.13.0",
      "resolved": "https://registry.npmjs.org/undici-types/-/undici-types-7.13.0.tgz",
      "integrity": "sha512-Ov2Rr9Sx+fRgagJ5AX0qvItZG/JKKoBRAVITs1zk7IqZGTJUwgUr7qoYBpWwakpWilTZFM98rG/AFRocu10iIQ==",
      "dev": true
    }
  }
}
